
Microsoft Visual Studio Solution File, Format Version 12.00
# Visual Studio Version 17
VisualStudioVersion = 17.9.34728.123
MinimumVisualStudioVersion = 10.0.40219.1
Project("{FAE04EC0-301F-11D3-BF4B-00C04F79EFBC}") = "CalcolatriceTask", "CalcolatriceTask.csproj", "{57CBD0D4-8DE3-45AF-9BCD-577260E4D9B8}"
EndProject
Global
	GlobalSection(SolutionConfigurationPlatforms) = preSolution
		Debug|Any CPU = Debug|Any CPU
		Release|Any CPU = Release|Any CPU
	EndGlobalSection
	GlobalSection(ProjectConfigurationPlatforms) = postSolution
		{57CBD0D4-8DE3-45AF-9BCD-577260E4D9B8}.Debug|Any CPU.ActiveCfg = Debug|Any CPU
		{57CBD0D4-8DE3-45AF-9BCD-577260E4D9B8}.Debug|Any CPU.Build.0 = Debug|Any CPU
		{57CBD0D4-8DE3-45AF-9BCD-577260E4D9B8}.Release|Any CPU.ActiveCfg = Release|Any CPU
		{57CBD0D4-8DE3-45AF-9BCD-577260E4D9B8}.Release|Any CPU.Build.0 = Release|Any CPU
	EndGlobalSection
	GlobalSection(SolutionProperties) = preSolution
		HideSolutionNode = FALSE
	EndGlobalSection
	GlobalSection(ExtensibilityGlobals) = postSolution
		SolutionGuid = {E2745B81-E25D-4758-B8CD-EC0129A9696A}
	EndGlobalSection
EndGlobal
